
Microsoft Visual Studio Solution File, Format Version 12.00
# Visual Studio Version 16
VisualStudioVersion = 16.0.31613.86
MinimumVisualStudioVersion = 10.0.40219.1
Project("{FAE04EC0-301F-11D3-BF4B-00C04F79EFBC}") = "RandomNrGenerator 1.0.0", "RandomNrGenerator 1.0.0\RandomNrGenerator 1.0.0.csproj", "{B15EF7B5-1A98-408C-A5AC-E4BAE737B8CF}"
EndProject
Global
	GlobalSection(SolutionConfigurationPlatforms) = preSolution
		Debug|Any CPU = Debug|Any CPU
		Release|Any CPU = Release|Any CPU
	EndGlobalSection
	GlobalSection(ProjectConfigurationPlatforms) = postSolution
		{B15EF7B5-1A98-408C-A5AC-E4BAE737B8CF}.Debug|Any CPU.ActiveCfg = Debug|Any CPU
		{B15EF7B5-1A98-408C-A5AC-E4BAE737B8CF}.Debug|Any CPU.Build.0 = Debug|Any CPU
		{B15EF7B5-1A98-408C-A5AC-E4BAE737B8CF}.Release|Any CPU.ActiveCfg = Release|Any CPU
		{B15EF7B5-1A98-408C-A5AC-E4BAE737B8CF}.Release|Any CPU.Build.0 = Release|Any CPU
	EndGlobalSection
	GlobalSection(SolutionProperties) = preSolution
		HideSolutionNode = FALSE
	EndGlobalSection
	GlobalSection(ExtensibilityGlobals) = postSolution
		SolutionGuid = {657CD324-E3F1-4067-8B21-17C80F1D425E}
	EndGlobalSection
EndGlobal
